
Microsoft Visual Studio Solution File, Format Version 12.00
# Visual Studio 2012
Project("{FAE04EC0-301F-11D3-BF4B-00C04F79EFBC}") = "WPFGDI.NET35", "NET35\WPFGDI\WPFGDI.NET35.csproj", "{423F72F4-AD06-4140-9039-E35F488C1C68}"
EndProject
Project("{FAE04EC0-301F-11D3-BF4B-00C04F79EFBC}") = "WMF2WPF.NET35", "NET35\WMF2WPF\WMF2WPF.NET35.csproj", "{FB04BF54-819F-4583-A309-275A0B80E669}"
EndProject
Project("{FAE04EC0-301F-11D3-BF4B-00C04F79EFBC}") = "WMF2WPFCommandLine", "NET35\WMF2WPFCommandLine\WMF2WPFCommandLine.csproj", "{070621A8-B4D3-4784-B679-00032EF28974}"
EndProject
Project("{FAE04EC0-301F-11D3-BF4B-00C04F79EFBC}") = "WMFFileType", "PDN\WMFFileType\WMFFileType.csproj", "{FE37A903-9E14-4AEC-B639-F7DEFFE7082F}"
EndProject
Project("{FAE04EC0-301F-11D3-BF4B-00C04F79EFBC}") = "WMF2WPF.WINRT", "WINRT\WMF2WPF\WMF2WPF.WINRT.csproj", "{5926A90E-BB84-4DCB-8E51-4379A39BBC2A}"
EndProject
Project("{FAE04EC0-301F-11D3-BF4B-00C04F79EFBC}") = "WPFGDI.WINRT", "WINRT\WPFGDI\WPFGDI.WINRT.csproj", "{4CF7DA5F-7EA4-49A1-B132-ABC54B679B59}"
EndProject
Project("{2150E333-8FDC-42A3-9474-1A3956D46DE8}") = "NET35", "NET35", "{6D9E2EA8-F727-4951-A0C8-4F7F5664F855}"
EndProject
Project("{2150E333-8FDC-42A3-9474-1A3956D46DE8}") = "PDN", "PDN", "{195C9482-7F6B-4959-A6C3-A1BFA87E7AE7}"
EndProject
Project("{2150E333-8FDC-42A3-9474-1A3956D46DE8}") = "WINRT", "WINRT", "{6E62806F-6194-4F6A-BC5B-EE4301AE9E65}"
EndProject
Project("{FAE04EC0-301F-11D3-BF4B-00C04F79EFBC}") = "WinrtTester", "WINRT\WinrtTester\WinrtTester.csproj", "{CA19C83E-12B8-46E6-A9DF-CDC3DD54A31F}"
EndProject
Global
	GlobalSection(SolutionConfigurationPlatforms) = preSolution
		Debug|Any CPU = Debug|Any CPU
		Debug|ARM = Debug|ARM
		Debug|Mixed Platforms = Debug|Mixed Platforms
		Debug|x64 = Debug|x64
		Debug|x86 = Debug|x86
		Release|Any CPU = Release|Any CPU
		Release|ARM = Release|ARM
		Release|Mixed Platforms = Release|Mixed Platforms
		Release|x64 = Release|x64
		Release|x86 = Release|x86
	EndGlobalSection
	GlobalSection(ProjectConfigurationPlatforms) = postSolution
		{423F72F4-AD06-4140-9039-E35F488C1C68}.Debug|Any CPU.ActiveCfg = Debug|Any CPU
		{423F72F4-AD06-4140-9039-E35F488C1C68}.Debug|Any CPU.Build.0 = Debug|Any CPU
		{423F72F4-AD06-4140-9039-E35F488C1C68}.Debug|ARM.ActiveCfg = Debug|Any CPU
		{423F72F4-AD06-4140-9039-E35F488C1C68}.Debug|Mixed Platforms.ActiveCfg = Debug|Any CPU
		{423F72F4-AD06-4140-9039-E35F488C1C68}.Debug|Mixed Platforms.Build.0 = Debug|Any CPU
		{423F72F4-AD06-4140-9039-E35F488C1C68}.Debug|x64.ActiveCfg = Debug|Any CPU
		{423F72F4-AD06-4140-9039-E35F488C1C68}.Debug|x86.ActiveCfg = Debug|Any CPU
		{423F72F4-AD06-4140-9039-E35F488C1C68}.Release|Any CPU.ActiveCfg = Release|Any CPU
		{423F72F4-AD06-4140-9039-E35F488C1C68}.Release|Any CPU.Build.0 = Release|Any CPU
		{423F72F4-AD06-4140-9039-E35F488C1C68}.Release|ARM.ActiveCfg = Release|Any CPU
		{423F72F4-AD06-4140-9039-E35F488C1C68}.Release|Mixed Platforms.ActiveCfg = Release|Any CPU
		{423F72F4-AD06-4140-9039-E35F488C1C68}.Release|Mixed Platforms.Build.0 = Release|Any CPU
		{423F72F4-AD06-4140-9039-E35F488C1C68}.Release|x64.ActiveCfg = Release|Any CPU
		{423F72F4-AD06-4140-9039-E35F488C1C68}.Release|x86.ActiveCfg = Release|Any CPU
		{FB04BF54-819F-4583-A309-275A0B80E669}.Debug|Any CPU.ActiveCfg = Debug|Any CPU
		{FB04BF54-819F-4583-A309-275A0B80E669}.Debug|Any CPU.Build.0 = Debug|Any CPU
		{FB04BF54-819F-4583-A309-275A0B80E669}.Debug|ARM.ActiveCfg = Debug|Any CPU
		{FB04BF54-819F-4583-A309-275A0B80E669}.Debug|Mixed Platforms.ActiveCfg = Debug|Any CPU
		{FB04BF54-819F-4583-A309-275A0B80E669}.Debug|Mixed Platforms.Build.0 = Debug|Any CPU
		{FB04BF54-819F-4583-A309-275A0B80E669}.Debug|x64.ActiveCfg = Debug|Any CPU
		{FB04BF54-819F-4583-A309-275A0B80E669}.Debug|x86.ActiveCfg = Debug|Any CPU
		{FB04BF54-819F-4583-A309-275A0B80E669}.Release|Any CPU.ActiveCfg = Release|Any CPU
		{FB04BF54-819F-4583-A309-275A0B80E669}.Release|Any CPU.Build.0 = Release|Any CPU
		{FB04BF54-819F-4583-A309-275A0B80E669}.Release|ARM.ActiveCfg = Release|Any CPU
		{FB04BF54-819F-4583-A309-275A0B80E669}.Release|Mixed Platforms.ActiveCfg = Release|Any CPU
		{FB04BF54-819F-4583-A309-275A0B80E669}.Release|Mixed Platforms.Build.0 = Release|Any CPU
		{FB04BF54-819F-4583-A309-275A0B80E669}.Release|x64.ActiveCfg = Release|Any CPU
		{FB04BF54-819F-4583-A309-275A0B80E669}.Release|x86.ActiveCfg = Release|Any CPU
		{070621A8-B4D3-4784-B679-00032EF28974}.Debug|Any CPU.ActiveCfg = Debug|x86
		{070621A8-B4D3-4784-B679-00032EF28974}.Debug|ARM.ActiveCfg = Debug|x86
		{070621A8-B4D3-4784-B679-00032EF28974}.Debug|Mixed Platforms.ActiveCfg = Debug|x86
		{070621A8-B4D3-4784-B679-00032EF28974}.Debug|Mixed Platforms.Build.0 = Debug|x86
		{070621A8-B4D3-4784-B679-00032EF28974}.Debug|x64.ActiveCfg = Debug|x86
		{070621A8-B4D3-4784-B679-00032EF28974}.Debug|x86.ActiveCfg = Debug|x86
		{070621A8-B4D3-4784-B679-00032EF28974}.Debug|x86.Build.0 = Debug|x86
		{070621A8-B4D3-4784-B679-00032EF28974}.Release|Any CPU.ActiveCfg = Release|x86
		{070621A8-B4D3-4784-B679-00032EF28974}.Release|ARM.ActiveCfg = Release|x86
		{070621A8-B4D3-4784-B679-00032EF28974}.Release|Mixed Platforms.ActiveCfg = Release|x86
		{070621A8-B4D3-4784-B679-00032EF28974}.Release|Mixed Platforms.Build.0 = Release|x86
		{070621A8-B4D3-4784-B679-00032EF28974}.Release|x64.ActiveCfg = Release|x86
		{070621A8-B4D3-4784-B679-00032EF28974}.Release|x86.ActiveCfg = Release|x86
		{070621A8-B4D3-4784-B679-00032EF28974}.Release|x86.Build.0 = Release|x86
		{FE37A903-9E14-4AEC-B639-F7DEFFE7082F}.Debug|Any CPU.ActiveCfg = Debug|Any CPU
		{FE37A903-9E14-4AEC-B639-F7DEFFE7082F}.Debug|Any CPU.Build.0 = Debug|Any CPU
		{FE37A903-9E14-4AEC-B639-F7DEFFE7082F}.Debug|ARM.ActiveCfg = Debug|Any CPU
		{FE37A903-9E14-4AEC-B639-F7DEFFE7082F}.Debug|Mixed Platforms.ActiveCfg = Debug|Any CPU
		{FE37A903-9E14-4AEC-B639-F7DEFFE7082F}.Debug|Mixed Platforms.Build.0 = Debug|Any CPU
		{FE37A903-9E14-4AEC-B639-F7DEFFE7082F}.Debug|x64.ActiveCfg = Debug|Any CPU
		{FE37A903-9E14-4AEC-B639-F7DEFFE7082F}.Debug|x86.ActiveCfg = Debug|Any CPU
		{FE37A903-9E14-4AEC-B639-F7DEFFE7082F}.Release|Any CPU.ActiveCfg = Release|Any CPU
		{FE37A903-9E14-4AEC-B639-F7DEFFE7082F}.Release|Any CPU.Build.0 = Release|Any CPU
		{FE37A903-9E14-4AEC-B639-F7DEFFE7082F}.Release|ARM.ActiveCfg = Release|Any CPU
		{FE37A903-9E14-4AEC-B639-F7DEFFE7082F}.Release|Mixed Platforms.ActiveCfg = Release|Any CPU
		{FE37A903-9E14-4AEC-B639-F7DEFFE7082F}.Release|Mixed Platforms.Build.0 = Release|Any CPU
		{FE37A903-9E14-4AEC-B639-F7DEFFE7082F}.Release|x64.ActiveCfg = Release|Any CPU
		{FE37A903-9E14-4AEC-B639-F7DEFFE7082F}.Release|x86.ActiveCfg = Release|Any CPU
		{5926A90E-BB84-4DCB-8E51-4379A39BBC2A}.Debug|Any CPU.ActiveCfg = Debug|Any CPU
		{5926A90E-BB84-4DCB-8E51-4379A39BBC2A}.Debug|Any CPU.Build.0 = Debug|Any CPU
		{5926A90E-BB84-4DCB-8E51-4379A39BBC2A}.Debug|ARM.ActiveCfg = Debug|ARM
		{5926A90E-BB84-4DCB-8E51-4379A39BBC2A}.Debug|ARM.Build.0 = Debug|ARM
		{5926A90E-BB84-4DCB-8E51-4379A39BBC2A}.Debug|Mixed Platforms.ActiveCfg = Debug|x86
		{5926A90E-BB84-4DCB-8E51-4379A39BBC2A}.Debug|Mixed Platforms.Build.0 = Debug|x86
		{5926A90E-BB84-4DCB-8E51-4379A39BBC2A}.Debug|x64.ActiveCfg = Debug|x64
		{5926A90E-BB84-4DCB-8E51-4379A39BBC2A}.Debug|x64.Build.0 = Debug|x64
		{5926A90E-BB84-4DCB-8E51-4379A39BBC2A}.Debug|x86.ActiveCfg = Debug|x86
		{5926A90E-BB84-4DCB-8E51-4379A39BBC2A}.Debug|x86.Build.0 = Debug|x86
		{5926A90E-BB84-4DCB-8E51-4379A39BBC2A}.Release|Any CPU.ActiveCfg = Release|Any CPU
		{5926A90E-BB84-4DCB-8E51-4379A39BBC2A}.Release|Any CPU.Build.0 = Release|Any CPU
		{5926A90E-BB84-4DCB-8E51-4379A39BBC2A}.Release|ARM.ActiveCfg = Release|ARM
		{5926A90E-BB84-4DCB-8E51-4379A39BBC2A}.Release|ARM.Build.0 = Release|ARM
		{5926A90E-BB84-4DCB-8E51-4379A39BBC2A}.Release|Mixed Platforms.ActiveCfg = Release|x86
		{5926A90E-BB84-4DCB-8E51-4379A39BBC2A}.Release|Mixed Platforms.Build.0 = Release|x86
		{5926A90E-BB84-4DCB-8E51-4379A39BBC2A}.Release|x64.ActiveCfg = Release|x64
		{5926A90E-BB84-4DCB-8E51-4379A39BBC2A}.Release|x64.Build.0 = Release|x64
		{5926A90E-BB84-4DCB-8E51-4379A39BBC2A}.Release|x86.ActiveCfg = Release|x86
		{5926A90E-BB84-4DCB-8E51-4379A39BBC2A}.Release|x86.Build.0 = Release|x86
		{4CF7DA5F-7EA4-49A1-B132-ABC54B679B59}.Debug|Any CPU.ActiveCfg = Debug|Any CPU
		{4CF7DA5F-7EA4-49A1-B132-ABC54B679B59}.Debug|Any CPU.Build.0 = Debug|Any CPU
		{4CF7DA5F-7EA4-49A1-B132-ABC54B679B59}.Debug|ARM.ActiveCfg = Debug|ARM
		{4CF7DA5F-7EA4-49A1-B132-ABC54B679B59}.Debug|ARM.Build.0 = Debug|ARM
		{4CF7DA5F-7EA4-49A1-B132-ABC54B679B59}.Debug|Mixed Platforms.ActiveCfg = Debug|x86
		{4CF7DA5F-7EA4-49A1-B132-ABC54B679B59}.Debug|Mixed Platforms.Build.0 = Debug|x86
		{4CF7DA5F-7EA4-49A1-B132-ABC54B679B59}.Debug|x64.ActiveCfg = Debug|x64
		{4CF7DA5F-7EA4-49A1-B132-ABC54B679B59}.Debug|x64.Build.0 = Debug|x64
		{4CF7DA5F-7EA4-49A1-B132-ABC54B679B59}.Debug|x86.ActiveCfg = Debug|x86
		{4CF7DA5F-7EA4-49A1-B132-ABC54B679B59}.Debug|x86.Build.0 = Debug|x86
		{4CF7DA5F-7EA4-49A1-B132-ABC54B679B59}.Release|Any CPU.ActiveCfg = Release|Any CPU
		{4CF7DA5F-7EA4-49A1-B132-ABC54B679B59}.Release|Any CPU.Build.0 = Release|Any CPU
		{4CF7DA5F-7EA4-49A1-B132-ABC54B679B59}.Release|ARM.ActiveCfg = Release|ARM
		{4CF7DA5F-7EA4-49A1-B132-ABC54B679B59}.Release|ARM.Build.0 = Release|ARM
		{4CF7DA5F-7EA4-49A1-B132-ABC54B679B59}.Release|Mixed Platforms.ActiveCfg = Release|x86
		{4CF7DA5F-7EA4-49A1-B132-ABC54B679B59}.Release|Mixed Platforms.Build.0 = Release|x86
		{4CF7DA5F-7EA4-49A1-B132-ABC54B679B59}.Release|x64.ActiveCfg = Release|x64
		{4CF7DA5F-7EA4-49A1-B132-ABC54B679B59}.Release|x64.Build.0 = Release|x64
		{4CF7DA5F-7EA4-49A1-B132-ABC54B679B59}.Release|x86.ActiveCfg = Release|x86
		{4CF7DA5F-7EA4-49A1-B132-ABC54B679B59}.Release|x86.Build.0 = Release|x86
		{CA19C83E-12B8-46E6-A9DF-CDC3DD54A31F}.Debug|Any CPU.ActiveCfg = Debug|Any CPU
		{CA19C83E-12B8-46E6-A9DF-CDC3DD54A31F}.Debug|Any CPU.Build.0 = Debug|Any CPU
		{CA19C83E-12B8-46E6-A9DF-CDC3DD54A31F}.Debug|Any CPU.Deploy.0 = Debug|Any CPU
		{CA19C83E-12B8-46E6-A9DF-CDC3DD54A31F}.Debug|ARM.ActiveCfg = Debug|ARM
		{CA19C83E-12B8-46E6-A9DF-CDC3DD54A31F}.Debug|ARM.Build.0 = Debug|ARM
		{CA19C83E-12B8-46E6-A9DF-CDC3DD54A31F}.Debug|ARM.Deploy.0 = Debug|ARM
		{CA19C83E-12B8-46E6-A9DF-CDC3DD54A31F}.Debug|Mixed Platforms.ActiveCfg = Debug|x86
		{CA19C83E-12B8-46E6-A9DF-CDC3DD54A31F}.Debug|Mixed Platforms.Build.0 = Debug|x86
		{CA19C83E-12B8-46E6-A9DF-CDC3DD54A31F}.Debug|Mixed Platforms.Deploy.0 = Debug|x86
		{CA19C83E-12B8-46E6-A9DF-CDC3DD54A31F}.Debug|x64.ActiveCfg = Debug|x64
		{CA19C83E-12B8-46E6-A9DF-CDC3DD54A31F}.Debug|x64.Build.0 = Debug|x64
		{CA19C83E-12B8-46E6-A9DF-CDC3DD54A31F}.Debug|x64.Deploy.0 = Debug|x64
		{CA19C83E-12B8-46E6-A9DF-CDC3DD54A31F}.Debug|x86.ActiveCfg = Debug|x86
		{CA19C83E-12B8-46E6-A9DF-CDC3DD54A31F}.Debug|x86.Build.0 = Debug|x86
		{CA19C83E-12B8-46E6-A9DF-CDC3DD54A31F}.Debug|x86.Deploy.0 = Debug|x86
		{CA19C83E-12B8-46E6-A9DF-CDC3DD54A31F}.Release|Any CPU.ActiveCfg = Release|Any CPU
		{CA19C83E-12B8-46E6-A9DF-CDC3DD54A31F}.Release|Any CPU.Build.0 = Release|Any CPU
		{CA19C83E-12B8-46E6-A9DF-CDC3DD54A31F}.Release|Any CPU.Deploy.0 = Release|Any CPU
		{CA19C83E-12B8-46E6-A9DF-CDC3DD54A31F}.Release|ARM.ActiveCfg = Release|ARM
		{CA19C83E-12B8-46E6-A9DF-CDC3DD54A31F}.Release|ARM.Build.0 = Release|ARM
		{CA19C83E-12B8-46E6-A9DF-CDC3DD54A31F}.Release|ARM.Deploy.0 = Release|ARM
		{CA19C83E-12B8-46E6-A9DF-CDC3DD54A31F}.Release|Mixed Platforms.ActiveCfg = Release|x86
		{CA19C83E-12B8-46E6-A9DF-CDC3DD54A31F}.Release|Mixed Platforms.Build.0 = Release|x86
		{CA19C83E-12B8-46E6-A9DF-CDC3DD54A31F}.Release|Mixed Platforms.Deploy.0 = Release|x86
		{CA19C83E-12B8-46E6-A9DF-CDC3DD54A31F}.Release|x64.ActiveCfg = Release|x64
		{CA19C83E-12B8-46E6-A9DF-CDC3DD54A31F}.Release|x64.Build.0 = Release|x64
		{CA19C83E-12B8-46E6-A9DF-CDC3DD54A31F}.Release|x64.Deploy.0 = Release|x64
		{CA19C83E-12B8-46E6-A9DF-CDC3DD54A31F}.Release|x86.ActiveCfg = Release|x86
		{CA19C83E-12B8-46E6-A9DF-CDC3DD54A31F}.Release|x86.Build.0 = Release|x86
		{CA19C83E-12B8-46E6-A9DF-CDC3DD54A31F}.Release|x86.Deploy.0 = Release|x86
	EndGlobalSection
	GlobalSection(SolutionProperties) = preSolution
		HideSolutionNode = FALSE
	EndGlobalSection
	GlobalSection(NestedProjects) = preSolution
		{FB04BF54-819F-4583-A309-275A0B80E669} = {6D9E2EA8-F727-4951-A0C8-4F7F5664F855}
		{070621A8-B4D3-4784-B679-00032EF28974} = {6D9E2EA8-F727-4951-A0C8-4F7F5664F855}
		{423F72F4-AD06-4140-9039-E35F488C1C68} = {6D9E2EA8-F727-4951-A0C8-4F7F5664F855}
		{FE37A903-9E14-4AEC-B639-F7DEFFE7082F} = {195C9482-7F6B-4959-A6C3-A1BFA87E7AE7}
		{4CF7DA5F-7EA4-49A1-B132-ABC54B679B59} = {6E62806F-6194-4F6A-BC5B-EE4301AE9E65}
		{5926A90E-BB84-4DCB-8E51-4379A39BBC2A} = {6E62806F-6194-4F6A-BC5B-EE4301AE9E65}
		{CA19C83E-12B8-46E6-A9DF-CDC3DD54A31F} = {6E62806F-6194-4F6A-BC5B-EE4301AE9E65}
	EndGlobalSection
EndGlobal
